
Microsoft Visual Studio Solution File, Format Version 12.00
# Visual Studio Version 17
VisualStudioVersion = 17.8.34408.163
MinimumVisualStudioVersion = 10.0.40219.1
Project("{9A19103F-16F7-4668-BE54-9A1E7A4F7556}") = "Junkyard.Web", "Junkyard.Web\Junkyard.Web.csproj", "{173FD03B-21E4-45E5-B14A-5942D14DB15A}"
EndProject
Project("{9A19103F-16F7-4668-BE54-9A1E7A4F7556}") = "Datadog.Integrations.Core", "Datadog.Integrations.Core\Datadog.Integrations.Core.csproj", "{F8310EE7-1924-467F-A652-417BBF63FD8C}"
EndProject
Project("{9A19103F-16F7-4668-BE54-9A1E7A4F7556}") = "Datadog.Metrics.Management", "Datadog.Metrics.Management\Datadog.Metrics.Management.csproj", "{E9B4682F-81F8-42A9-8C80-02DCD492F19F}"
EndProject
Global
	GlobalSection(SolutionConfigurationPlatforms) = preSolution
		Debug|Any CPU = Debug|Any CPU
		Release|Any CPU = Release|Any CPU
	EndGlobalSection
	GlobalSection(ProjectConfigurationPlatforms) = postSolution
		{173FD03B-21E4-45E5-B14A-5942D14DB15A}.Debug|Any CPU.ActiveCfg = Debug|Any CPU
		{173FD03B-21E4-45E5-B14A-5942D14DB15A}.Debug|Any CPU.Build.0 = Debug|Any CPU
		{173FD03B-21E4-45E5-B14A-5942D14DB15A}.Release|Any CPU.ActiveCfg = Release|Any CPU
		{173FD03B-21E4-45E5-B14A-5942D14DB15A}.Release|Any CPU.Build.0 = Release|Any CPU
		{F8310EE7-1924-467F-A652-417BBF63FD8C}.Debug|Any CPU.ActiveCfg = Debug|Any CPU
		{F8310EE7-1924-467F-A652-417BBF63FD8C}.Debug|Any CPU.Build.0 = Debug|Any CPU
		{F8310EE7-1924-467F-A652-417BBF63FD8C}.Release|Any CPU.ActiveCfg = Release|Any CPU
		{F8310EE7-1924-467F-A652-417BBF63FD8C}.Release|Any CPU.Build.0 = Release|Any CPU
		{E9B4682F-81F8-42A9-8C80-02DCD492F19F}.Debug|Any CPU.ActiveCfg = Debug|Any CPU
		{E9B4682F-81F8-42A9-8C80-02DCD492F19F}.Debug|Any CPU.Build.0 = Debug|Any CPU
		{E9B4682F-81F8-42A9-8C80-02DCD492F19F}.Release|Any CPU.ActiveCfg = Release|Any CPU
		{E9B4682F-81F8-42A9-8C80-02DCD492F19F}.Release|Any CPU.Build.0 = Release|Any CPU
	EndGlobalSection
	GlobalSection(SolutionProperties) = preSolution
		HideSolutionNode = FALSE
	EndGlobalSection
	GlobalSection(ExtensibilityGlobals) = postSolution
		SolutionGuid = {2744EC09-27B9-4491-ABB6-D26E132938D1}
	EndGlobalSection
EndGlobal
